// !$*UTF8*$!
{
	archiveVersion = 1;
	classes = {
	};
	objectVersion = 46;
	objects = {

/* Begin PBXBuildFile section */
		BF5097021EC839CE00E65B30 /* main.m in Sources */ = {isa = PBXBuildFile; fileRef = BF5097011EC839CE00E65B30 /* main.m */; };
		BF5097051EC839CE00E65B30 /* AppDelegate.m in Sources */ = {isa = PBXBuildFile; fileRef = BF5097041EC839CE00E65B30 /* AppDelegate.m */; };
		BF5097081EC839CE00E65B30 /* ViewController.m in Sources */ = {isa = PBXBuildFile; fileRef = BF5097071EC839CE00E65B30 /* ViewController.m */; };
		BF50970B1EC839CE00E65B30 /* Main.storyboard in Resources */ = {isa = PBXBuildFile; fileRef = BF5097091EC839CE00E65B30 /* Main.storyboard */; };
		BF50970D1EC839CE00E65B30 /* Assets.xcassets in Resources */ = {isa = PBXBuildFile; fileRef = BF50970C1EC839CE00E65B30 /* Assets.xcassets */; };
		BF5097101EC839CE00E65B30 /* LaunchScreen.storyboard in Resources */ = {isa = PBXBuildFile; fileRef = BF50970E1EC839CE00E65B30 /* LaunchScreen.storyboard */; };
		BF50971A1EC83A7400E65B30 /* HTTPService.m in Sources */ = {isa = PBXBuildFile; fileRef = BF5097191EC83A7400E65B30 /* HTTPService.m */; };
		BF50971E1EC867BE00E65B30 /* VideoCell.m in Sources */ = {isa = PBXBuildFile; fileRef = BF50971D1EC867BE00E65B30 /* VideoCell.m */; };
		BF5097221EC86D0A00E65B30 /* Video.m in Sources */ = {isa = PBXBuildFile; fileRef = BF5097211EC86D0A00E65B30 /* Video.m */; };
		BF5097261EC8752900E65B30 /* VideoVC.m in Sources */ = {isa = PBXBuildFile; fileRef = BF5097251EC8752900E65B30 /* VideoVC.m */; };
/* End PBXBuildFile section */

/* Begin PBXFileReference section */
		BF5096FD1EC839CE00E65B30 /* youtube.app */ = {isa = PBXFileReference; explicitFileType = wrapper.application; includeInIndex = 0; path = youtube.app; sourceTree = BUILT_PRODUCTS_DIR; };
		BF5097011EC839CE00E65B30 /* main.m */ = {isa = PBXFileReference; lastKnownFileType = sourcecode.c.objc; path = main.m; sourceTree = "<group>"; };
		BF5097031EC839CE00E65B30 /* AppDelegate.h */ = {isa = PBXFileReference; lastKnownFileType = sourcecode.c.h; path = AppDelegate.h; sourceTree = "<group>"; };
		BF5097041EC839CE00E65B30 /* AppDelegate.m */ = {isa = PBXFileReference; lastKnownFileType = sourcecode.c.objc; path = AppDelegate.m; sourceTree = "<group>"; };
		BF5097061EC839CE00E65B30 /* ViewController.h */ = {isa = PBXFileReference; lastKnownFileType = sourcecode.c.h; path = ViewController.h; sourceTree = "<group>"; };
		BF5097071EC839CE00E65B30 /* ViewController.m */ = {isa = PBXFileReference; lastKnownFileType = sourcecode.c.objc; path = ViewController.m; sourceTree = "<group>"; };
		BF50970A1EC839CE00E65B30 /* Base */ = {isa = PBXFileReference; lastKnownFileType = file.storyboard; name = Base; path = Base.lproj/Main.storyboard; sourceTree = "<group>"; };
		BF50970C1EC839CE00E65B30 /* Assets.xcassets */ = {isa = PBXFileReference; lastKnownFileType = folder.assetcatalog; path = Assets.xcassets; sourceTree = "<group>"; };
		BF50970F1EC839CE00E65B30 /* Base */ = {isa = PBXFileReference; lastKnownFileType = file.storyboard; name = Base; path = Base.lproj/LaunchScreen.storyboard; sourceTree = "<group>"; };
		BF5097111EC839CE00E65B30 /* Info.plist */ = {isa = PBXFileReference; lastKnownFileType = text.plist.xml; path = Info.plist; sourceTree = "<group>"; };
		BF5097181EC83A7400E65B30 /* HTTPService.h */ = {isa = PBXFileReference; fileEncoding = 4; lastKnownFileType = sourcecode.c.h; path = HTTPService.h; sourceTree = "<group>"; };
		BF5097191EC83A7400E65B30 /* HTTPService.m */ = {isa = PBXFileReference; fileEncoding = 4; lastKnownFileType = sourcecode.c.objc; path = HTTPService.m; sourceTree = "<group>"; };
		BF50971C1EC867BE00E65B30 /* VideoCell.h */ = {isa = PBXFileReference; fileEncoding = 4; lastKnownFileType = sourcecode.c.h; path = VideoCell.h; sourceTree = "<group>"; };
		BF50971D1EC867BE00E65B30 /* VideoCell.m */ = {isa = PBXFileReference; fileEncoding = 4; lastKnownFileType = sourcecode.c.objc; path = VideoCell.m; sourceTree = "<group>"; };
		BF5097201EC86D0A00E65B30 /* Video.h */ = {isa = PBXFileReference; fileEncoding = 4; lastKnownFileType = sourcecode.c.h; path = Video.h; sourceTree = "<group>"; };
		BF5097211EC86D0A00E65B30 /* Video.m */ = {isa = PBXFileReference; fileEncoding = 4; lastKnownFileType = sourcecode.c.objc; path = Video.m; sourceTree = "<group>"; };
		BF5097241EC8752900E65B30 /* VideoVC.h */ = {isa = PBXFileReference; fileEncoding = 4; lastKnownFileType = sourcecode.c.h; path = VideoVC.h; sourceTree = "<group>"; };
		BF5097251EC8752900E65B30 /* VideoVC.m */ = {isa = PBXFileReference; fileEncoding = 4; lastKnownFileType = sourcecode.c.objc; path = VideoVC.m; sourceTree = "<group>"; };
/* End PBXFileReference section */

/* Begin PBXFrameworksBuildPhase section */
		BF5096FA1EC839CE00E65B30 /* Frameworks */ = {
			isa = PBXFrameworksBuildPhase;
			buildActionMask = 2147483647;
			files = (
			);
			runOnlyForDeploymentPostprocessing = 0;
		};
/* End PBXFrameworksBuildPhase section */

/* Begin PBXGroup section */
		BF5096F41EC839CE00E65B30 = {
			isa = PBXGroup;
			children = (
				BF5096FF1EC839CE00E65B30 /* youtube */,
				BF5096FE1EC839CE00E65B30 /* Products */,
			);
			sourceTree = "<group>";
		};
		BF5096FE1EC839CE00E65B30 /* Products */ = {
			isa = PBXGroup;
			children = (
				BF5096FD1EC839CE00E65B30 /* youtube.app */,
			);
			name = Products;
			sourceTree = "<group>";
		};
		BF5096FF1EC839CE00E65B30 /* youtube */ = {
			isa = PBXGroup;
			children = (
				BF50971F1EC86CE700E65B30 /* Model */,
				BF50971B1EC8679900E65B30 /* View */,
				BF5097231EC874EC00E65B30 /* Controller */,
				BF5097171EC83A1200E65B30 /* Services */,
				BF5097031EC839CE00E65B30 /* AppDelegate.h */,
				BF5097041EC839CE00E65B30 /* AppDelegate.m */,
				BF50970C1EC839CE00E65B30 /* Assets.xcassets */,
				BF5097111EC839CE00E65B30 /* Info.plist */,
				BF5097001EC839CE00E65B30 /* Supporting Files */,
			);
			path = youtube;
			sourceTree = "<group>";
		};
		BF5097001EC839CE00E65B30 /* Supporting Files */ = {
			isa = PBXGroup;
			children = (
				BF5097011EC839CE00E65B30 /* main.m */,
			);
			name = "Supporting Files";
			sourceTree = "<group>";
		};
		BF5097171EC83A1200E65B30 /* Services */ = {
			isa = PBXGroup;
			children = (
				BF5097181EC83A7400E65B30 /* HTTPService.h */,
				BF5097191EC83A7400E65B30 /* HTTPService.m */,
			);
			name = Services;
			sourceTree = "<group>";
		};
		BF50971B1EC8679900E65B30 /* View */ = {
			isa = PBXGroup;
			children = (
				BF50971C1EC867BE00E65B30 /* VideoCell.h */,
				BF50971D1EC867BE00E65B30 /* VideoCell.m */,
				BF5097091EC839CE00E65B30 /* Main.storyboard */,
				BF50970E1EC839CE00E65B30 /* LaunchScreen.storyboard */,
			);
			name = View;
			sourceTree = "<group>";
		};
		BF50971F1EC86CE700E65B30 /* Model */ = {
			isa = PBXGroup;
			children = (
				BF5097201EC86D0A00E65B30 /* Video.h */,
				BF5097211EC86D0A00E65B30 /* Video.m */,
			);
			name = Model;
			sourceTree = "<group>";
		};
		BF5097231EC874EC00E65B30 /* Controller */ = {
			isa = PBXGroup;
			children = (
				BF5097061EC839CE00E65B30 /* ViewController.h */,
				BF5097071EC839CE00E65B30 /* ViewController.m */,
				BF5097241EC8752900E65B30 /* VideoVC.h */,
				BF5097251EC8752900E65B30 /* VideoVC.m */,
			);
			name = Controller;
			sourceTree = "<group>";
		};
/* End PBXGroup section */

/* Begin PBXNativeTarget section */
		BF5096FC1EC839CE00E65B30 /* youtube */ = {
			isa = PBXNativeTarget;
			buildConfigurationList = BF5097141EC839CE00E65B30 /* Build configuration list for PBXNativeTarget "youtube" */;
			buildPhases = (
				BF5096F91EC839CE00E65B30 /* Sources */,
				BF5096FA1EC839CE00E65B30 /* Frameworks */,
				BF5096FB1EC839CE00E65B30 /* Resources */,
			);
			buildRules = (
			);
			dependencies = (
			);
			name = youtube;
			productName = youtube;
			productReference = BF5096FD1EC839CE00E65B30 /* youtube.app */;
			productType = "com.apple.product-type.application";
		};
/* End PBXNativeTarget section */

/* Begin PBXProject section */
		BF5096F51EC839CE00E65B30 /* Project object */ = {
			isa = PBXProject;
			attributes = {
				LastUpgradeCheck = 0830;
				ORGANIZATIONNAME = Vuk;
				TargetAttributes = {
					BF5096FC1EC839CE00E65B30 = {
						CreatedOnToolsVersion = 8.3.1;
						DevelopmentTeam = JHW6KQDLBW;
						ProvisioningStyle = Automatic;
					};
				};
			};
			buildConfigurationList = BF5096F81EC839CE00E65B30 /* Build configuration list for PBXProject "youtube" */;
			compatibilityVersion = "Xcode 3.2";
			developmentRegion = English;
			hasScannedForEncodings = 0;
			knownRegions = (
				en,
				Base,
			);
			mainGroup = BF5096F41EC839CE00E65B30;
			productRefGroup = BF5096FE1EC839CE00E65B30 /* Products */;
			projectDirPath = "";
			projectRoot = "";
			targets = (
				BF5096FC1EC839CE00E65B30 /* youtube */,
			);
		};
/* End PBXProject section */

/* Begin PBXResourcesBuildPhase section */
		BF5096FB1EC839CE00E65B30 /* Resources */ = {
			isa = PBXResourcesBuildPhase;
			buildActionMask = 2147483647;
			files = (
				BF5097101EC839CE00E65B30 /* LaunchScreen.storyboard in Resources */,
				BF50970D1EC839CE00E65B30 /* Assets.xcassets in Resources */,
				BF50970B1EC839CE00E65B30 /* Main.storyboard in Resources */,
			);
			runOnlyForDeploymentPostprocessing = 0;
		};
/* End PBXResourcesBuildPhase section */

/* Begin PBXSourcesBuildPhase section */
		BF5096F91EC839CE00E65B30 /* Sources */ = {
			isa = PBXSourcesBuildPhase;
			buildActionMask = 2147483647;
			files = (
				BF5097081EC839CE00E65B30 /* ViewController.m in Sources */,
				BF50971E1EC867BE00E65B30 /* VideoCell.m in Sources */,
				BF50971A1EC83A7400E65B30 /* HTTPService.m in Sources */,
				BF5097221EC86D0A00E65B30 /* Video.m in Sources */,
				BF5097261EC8752900E65B30 /* VideoVC.m in Sources */,
				BF5097051EC839CE00E65B30 /* AppDelegate.m in Sources */,
				BF5097021EC839CE00E65B30 /* main.m in Sources */,
			);
			runOnlyForDeploymentPostprocessing = 0;
		};
/* End PBXSourcesBuildPhase section */

/* Begin PBXVariantGroup section */
		BF5097091EC839CE00E65B30 /* Main.storyboard */ = {
			isa = PBXVariantGroup;
			children = (
				BF50970A1EC839CE00E65B30 /* Base */,
			);
			name = Main.storyboard;
			sourceTree = "<group>";
		};
		BF50970E1EC839CE00E65B30 /* LaunchScreen.storyboard */ = {
			isa = PBXVariantGroup;
			children = (
				BF50970F1EC839CE00E65B30 /* Base */,
			);
			name = LaunchScreen.storyboard;
			sourceTree = "<group>";
		};
/* End PBXVariantGroup section */

/* Begin XCBuildConfiguration section */
		BF5097121EC839CE00E65B30 /* Debug */ = {
			isa = XCBuildConfiguration;
			buildSettings = {
				ALWAYS_SEARCH_USER_PATHS = NO;
				CLANG_ANALYZER_NONNULL = YES;
				CLANG_ANALYZER_NUMBER_OBJECT_CONVERSION = YES_AGGRESSIVE;
				CLANG_CXX_LANGUAGE_STANDARD = "gnu++0x";
				CLANG_CXX_LIBRARY = "libc++";
				CLANG_ENABLE_MODULES = YES;
				CLANG_ENABLE_OBJC_ARC = YES;
				CLANG_WARN_BOOL_CONVERSION = YES;
				CLANG_WARN_CONSTANT_CONVERSION = YES;
				CLANG_WARN_DIRECT_OBJC_ISA_USAGE = YES_ERROR;
				CLANG_WARN_DOCUMENTATION_COMMENTS = YES;
				CLANG_WARN_EMPTY_BODY = YES;
				CLANG_WARN_ENUM_CONVERSION = YES;
				CLANG_WARN_INFINITE_RECURSION = YES;
				CLANG_WARN_INT_CONVERSION = YES;
				CLANG_WARN_OBJC_ROOT_CLASS = YES_ERROR;
				CLANG_WARN_SUSPICIOUS_MOVE = YES;
				CLANG_WARN_UNREACHABLE_CODE = YES;
				CLANG_WARN__DUPLICATE_METHOD_MATCH = YES;
				"CODE_SIGN_IDENTITY[sdk=iphoneos*]" = "iPhone Developer";
				COPY_PHASE_STRIP = NO;
				DEBUG_INFORMATION_FORMAT = dwarf;
				ENABLE_STRICT_OBJC_MSGSEND = YES;
				ENABLE_TESTABILITY = YES;
				GCC_C_LANGUAGE_STANDARD = gnu99;
				GCC_DYNAMIC_NO_PIC = NO;
				GCC_NO_COMMON_BLOCKS = YES;
				GCC_OPTIMIZATION_LEVEL = 0;
				GCC_PREPROCESSOR_DEFINITIONS = (
					"DEBUG=1",
					"$(inherited)",
				);
				GCC_WARN_64_TO_32_BIT_CONVERSION = YES;
				GCC_WARN_ABOUT_RETURN_TYPE = YES_ERROR;
				GCC_WARN_UNDECLARED_SELECTOR = YES;
				GCC_WARN_UNINITIALIZED_AUTOS = YES_AGGRESSIVE;
				GCC_WARN_UNUSED_FUNCTION = YES;
				GCC_WARN_UNUSED_VARIABLE = YES;
				IPHONEOS_DEPLOYMENT_TARGET = 10.3;
				MTL_ENABLE_DEBUG_INFO = YES;
				ONLY_ACTIVE_ARCH = YES;
				SDKROOT = iphoneos;
				TARGETED_DEVICE_FAMILY = "1,2";
			};
			name = Debug;
		};
		BF5097131EC839CE00E65B30 /* Release */ = {
			isa = XCBuildConfiguration;
			buildSettings = {
				ALWAYS_SEARCH_USER_PATHS = NO;
				CLANG_ANALYZER_NONNULL = YES;
				CLANG_ANALYZER_NUMBER_OBJECT_CONVERSION = YES_AGGRESSIVE;
				CLANG_CXX_LANGUAGE_STANDARD = "gnu++0x";
				CLANG_CXX_LIBRARY = "libc++";
				CLANG_ENABLE_MODULES = YES;
				CLANG_ENABLE_OBJC_ARC = YES;
				CLANG_WARN_BOOL_CONVERSION = YES;
				CLANG_WARN_CONSTANT_CONVERSION = YES;
				CLANG_WARN_DIRECT_OBJC_ISA_USAGE = YES_ERROR;
				CLANG_WARN_DOCUMENTATION_COMMENTS = YES;
				CLANG_WARN_EMPTY_BODY = YES;
				CLANG_WARN_ENUM_CONVERSION = YES;
				CLANG_WARN_INFINITE_RECURSION = YES;
				CLANG_WARN_INT_CONVERSION = YES;
				CLANG_WARN_OBJC_ROOT_CLASS = YES_ERROR;
				CLANG_WARN_SUSPICIOUS_MOVE = YES;
				CLANG_WARN_UNREACHABLE_CODE = YES;
				CLANG_WARN__DUPLICATE_METHOD_MATCH = YES;
				"CODE_SIGN_IDENTITY[sdk=iphoneos*]" = "iPhone Developer";
				COPY_PHASE_STRIP = NO;
				DEBUG_INFORMATION_FORMAT = "dwarf-with-dsym";
				ENABLE_NS_ASSERTIONS = NO;
				ENABLE_STRICT_OBJC_MSGSEND = YES;
				GCC_C_LANGUAGE_STANDARD = gnu99;
				GCC_NO_COMMON_BLOCKS = YES;
				GCC_WARN_64_TO_32_BIT_CONVERSION = YES;
				GCC_WARN_ABOUT_RETURN_TYPE = YES_ERROR;
				GCC_WARN_UNDECLARED_SELECTOR = YES;
				GCC_WARN_UNINITIALIZED_AUTOS = YES_AGGRESSIVE;
				GCC_WARN_UNUSED_FUNCTION = YES;
				GCC_WARN_UNUSED_VARIABLE = YES;
				IPHONEOS_DEPLOYMENT_TARGET = 10.3;
				MTL_ENABLE_DEBUG_INFO = NO;
				SDKROOT = iphoneos;
				TARGETED_DEVICE_FAMILY = "1,2";
				VALIDATE_PRODUCT = YES;
			};
			name = Release;
		};
		BF5097151EC839CE00E65B30 /* Debug */ = {
			isa = XCBuildConfiguration;
			buildSettings = {
				ASSETCATALOG_COMPILER_APPICON_NAME = AppIcon;
				DEVELOPMENT_TEAM = JHW6KQDLBW;
				INFOPLIST_FILE = youtube/Info.plist;
				LD_RUNPATH_SEARCH_PATHS = "$(inherited) @executable_path/Frameworks";
				PRODUCT_BUNDLE_IDENTIFIER = vuk.com.youtube;
				PRODUCT_NAME = "$(TARGET_NAME)";
			};
			name = Debug;
		};
		BF5097161EC839CE00E65B30 /* Release */ = {
			isa = XCBuildConfiguration;
			buildSettings = {
				ASSETCATALOG_COMPILER_APPICON_NAME = AppIcon;
				DEVELOPMENT_TEAM = JHW6KQDLBW;
				INFOPLIST_FILE = youtube/Info.plist;
				LD_RUNPATH_SEARCH_PATHS = "$(inherited) @executable_path/Frameworks";
				PRODUCT_BUNDLE_IDENTIFIER = vuk.com.youtube;
				PRODUCT_NAME = "$(TARGET_NAME)";
			};
			name = Release;
		};
/* End XCBuildConfiguration section */

/* Begin XCConfigurationList section */
		BF5096F81EC839CE00E65B30 /* Build configuration list for PBXProject "youtube" */ = {
			isa = XCConfigurationList;
			buildConfigurations = (
				BF5097121EC839CE00E65B30 /* Debug */,
				BF5097131EC839CE00E65B30 /* Release */,
			);
			defaultConfigurationIsVisible = 0;
			defaultConfigurationName = Release;
		};
		BF5097141EC839CE00E65B30 /* Build configuration list for PBXNativeTarget "youtube" */ = {
			isa = XCConfigurationList;
			buildConfigurations = (
				BF5097151EC839CE00E65B30 /* Debug */,
				BF5097161EC839CE00E65B30 /* Release */,
			);
			defaultConfigurationIsVisible = 0;
		};
/* End XCConfigurationList section */
	};
	rootObject = BF5096F51EC839CE00E65B30 /* Project object */;
}
